
Microsoft Visual Studio Solution File, Format Version 12.00
# Visual Studio Version 16
VisualStudioVersion = 16.0.30002.166
MinimumVisualStudioVersion = 10.0.40219.1
Project("{FAE04EC0-301F-11D3-BF4B-00C04F79EFBC}") = "CertParser", "CertParser\CertParser.csproj", "{6AF4EC1E-AB87-43D4-B68C-A2DDC2F24079}"
EndProject
Global
	GlobalSection(SolutionConfigurationPlatforms) = preSolution
		Debug|Any CPU = Debug|Any CPU
		Release|Any CPU = Release|Any CPU
	EndGlobalSection
	GlobalSection(ProjectConfigurationPlatforms) = postSolution
		{6AF4EC1E-AB87-43D4-B68C-A2DDC2F24079}.Debug|Any CPU.ActiveCfg = Debug|Any CPU
		{6AF4EC1E-AB87-43D4-B68C-A2DDC2F24079}.Debug|Any CPU.Build.0 = Debug|Any CPU
		{6AF4EC1E-AB87-43D4-B68C-A2DDC2F24079}.Release|Any CPU.ActiveCfg = Release|Any CPU
		{6AF4EC1E-AB87-43D4-B68C-A2DDC2F24079}.Release|Any CPU.Build.0 = Release|Any CPU
	EndGlobalSection
	GlobalSection(SolutionProperties) = preSolution
		HideSolutionNode = FALSE
	EndGlobalSection
	GlobalSection(ExtensibilityGlobals) = postSolution
		SolutionGuid = {20386892-6C68-4EA6-B377-908F9203B850}
	EndGlobalSection
EndGlobal
